
Microsoft Visual Studio Solution File, Format Version 12.00
# Visual Studio Version 17
VisualStudioVersion = 17.0.32126.317
MinimumVisualStudioVersion = 10.0.40219.1
Project("{FAE04EC0-301F-11D3-BF4B-00C04F79EFBC}") = "Domain", "Domain\Domain.csproj", "{277F5E66-B192-4B36-8082-9CBA70530423}"
EndProject
Project("{FAE04EC0-301F-11D3-BF4B-00C04F79EFBC}") = "Application", "Application\Application.csproj", "{50EE6465-117D-48DD-9050-035CA1A8606C}"
EndProject
Project("{FAE04EC0-301F-11D3-BF4B-00C04F79EFBC}") = "Infrastructure", "Infrastructure\Infrastructure.csproj", "{F483CDAE-7F0C-4765-967B-610D1E73A735}"
EndProject
Project("{FAE04EC0-301F-11D3-BF4B-00C04F79EFBC}") = "WebAPI", "WebAPI\WebAPI.csproj", "{59D1A58D-1D0B-438F-81DD-C0CB4256210B}"
EndProject
Global
	GlobalSection(SolutionConfigurationPlatforms) = preSolution
		Debug|Any CPU = Debug|Any CPU
		Release|Any CPU = Release|Any CPU
	EndGlobalSection
	GlobalSection(ProjectConfigurationPlatforms) = postSolution
		{277F5E66-B192-4B36-8082-9CBA70530423}.Debug|Any CPU.ActiveCfg = Debug|Any CPU
		{277F5E66-B192-4B36-8082-9CBA70530423}.Debug|Any CPU.Build.0 = Debug|Any CPU
		{277F5E66-B192-4B36-8082-9CBA70530423}.Release|Any CPU.ActiveCfg = Release|Any CPU
		{277F5E66-B192-4B36-8082-9CBA70530423}.Release|Any CPU.Build.0 = Release|Any CPU
		{50EE6465-117D-48DD-9050-035CA1A8606C}.Debug|Any CPU.ActiveCfg = Debug|Any CPU
		{50EE6465-117D-48DD-9050-035CA1A8606C}.Debug|Any CPU.Build.0 = Debug|Any CPU
		{50EE6465-117D-48DD-9050-035CA1A8606C}.Release|Any CPU.ActiveCfg = Release|Any CPU
		{50EE6465-117D-48DD-9050-035CA1A8606C}.Release|Any CPU.Build.0 = Release|Any CPU
		{F483CDAE-7F0C-4765-967B-610D1E73A735}.Debug|Any CPU.ActiveCfg = Debug|Any CPU
		{F483CDAE-7F0C-4765-967B-610D1E73A735}.Debug|Any CPU.Build.0 = Debug|Any CPU
		{F483CDAE-7F0C-4765-967B-610D1E73A735}.Release|Any CPU.ActiveCfg = Release|Any CPU
		{F483CDAE-7F0C-4765-967B-610D1E73A735}.Release|Any CPU.Build.0 = Release|Any CPU
		{59D1A58D-1D0B-438F-81DD-C0CB4256210B}.Debug|Any CPU.ActiveCfg = Debug|Any CPU
		{59D1A58D-1D0B-438F-81DD-C0CB4256210B}.Debug|Any CPU.Build.0 = Debug|Any CPU
		{59D1A58D-1D0B-438F-81DD-C0CB4256210B}.Release|Any CPU.ActiveCfg = Release|Any CPU
		{59D1A58D-1D0B-438F-81DD-C0CB4256210B}.Release|Any CPU.Build.0 = Release|Any CPU
	EndGlobalSection
	GlobalSection(SolutionProperties) = preSolution
		HideSolutionNode = FALSE
	EndGlobalSection
	GlobalSection(ExtensibilityGlobals) = postSolution
		SolutionGuid = {D1CA6C6D-E559-49AA-B078-726F4EC7884F}
	EndGlobalSection
EndGlobal
