
Microsoft Visual Studio Solution File, Format Version 12.00
# Visual Studio Version 17
VisualStudioVersion = 17.0.32112.339
MinimumVisualStudioVersion = 10.0.40219.1
Project("{FAE04EC0-301F-11D3-BF4B-00C04F79EFBC}") = "TestScreenConsole", "TestScreenConsole\TestScreenConsole.csproj", "{979E2087-E8E7-4D83-88FF-F51A3F5EC6EB}"
EndProject
Global
	GlobalSection(SolutionConfigurationPlatforms) = preSolution
		Debug|Any CPU = Debug|Any CPU
		Release|Any CPU = Release|Any CPU
	EndGlobalSection
	GlobalSection(ProjectConfigurationPlatforms) = postSolution
		{979E2087-E8E7-4D83-88FF-F51A3F5EC6EB}.Debug|Any CPU.ActiveCfg = Debug|Any CPU
		{979E2087-E8E7-4D83-88FF-F51A3F5EC6EB}.Debug|Any CPU.Build.0 = Debug|Any CPU
		{979E2087-E8E7-4D83-88FF-F51A3F5EC6EB}.Release|Any CPU.ActiveCfg = Release|Any CPU
		{979E2087-E8E7-4D83-88FF-F51A3F5EC6EB}.Release|Any CPU.Build.0 = Release|Any CPU
	EndGlobalSection
	GlobalSection(SolutionProperties) = preSolution
		HideSolutionNode = FALSE
	EndGlobalSection
	GlobalSection(ExtensibilityGlobals) = postSolution
		SolutionGuid = {C7E5C1E0-BD1B-4D7A-9A89-9677282218B3}
	EndGlobalSection
EndGlobal
